%{
  "certifi": {:hex, :certifi, "2.4.2", "75424ff0f3baaccfd34b1214184b6ef616d89e420b258bb0a5ea7d7bc628f7f0", [:rebar3], [{:parse_trans, "~>3.3", [hex: :parse_trans, optional: false]}]},
  "connection": {:hex, :connection, "1.0.4", "a1cae72211f0eef17705aaededacac3eb30e6625b04a6117c1b2db6ace7d5976", [:mix], []},
  "db_connection": {:hex, :db_connection, "2.0.1", "09454c6c6e8e4295f400b72580b19f0ac68fda2602e209533285206cb99bee6b", [:mix], [{:connection, "~> 1.0.2", [hex: :connection, optional: false]}]},
  "decimal": {:hex, :decimal, "1.5.0", "b0433a36d0e2430e3d50291b1c65f53c37d56f83665b43d79963684865beab68", [:mix], []},
  "earmark": {:hex, :earmark, "1.2.6", "b6da42b3831458d3ecc57314dff3051b080b9b2be88c2e5aa41cd642a5b044ed", [:mix], []},
  "ecto": {:hex, :ecto, "3.0.1", "a26605ee7b243a754e6609d1c23da27bcb22823659b07bf03f9020da92a8e4f4", [:mix], [{:decimal, "~> 1.5", [hex: :decimal, optional: false]}, {:jason, "~> 1.0", [hex: :jason, optional: true]}, {:poison, "~> 2.2 or ~> 3.0", [hex: :poison, optional: true]}]},
  "ecto_sql": {:hex, :ecto_sql, "3.0.0", "8d1883376bee02a0e76b5ef797e39d04333c34b9935d0b4785dbf3cbdb571e2a", [:mix], [{:db_connection, "~> 2.0", [hex: :db_connection, optional: false]}, {:ecto, "~> 3.0.0", [hex: :ecto, optional: false]}, {:mariaex, "~> 0.9.0", [hex: :mariaex, optional: true]}, {:postgrex, "~> 0.14.0", [hex: :postgrex, optional: true]}, {:telemetry, "~> 0.2.0", [hex: :telemetry, optional: false]}]},
  "ex_doc": {:hex, :ex_doc, "0.19.1", "519bb9c19526ca51d326c060cb1778d4a9056b190086a8c6c115828eaccea6cf", [:mix], [{:earmark, "~> 1.1", [hex: :earmark, optional: false]}, {:makeup_elixir, "~> 0.7", [hex: :makeup_elixir, optional: false]}]},
  "excoveralls": {:hex, :excoveralls, "0.10.2", "fb4abd5b8a1b9d52d35e1162e7e2ea8bfb84b47ae07c38d39aa8ce64be0b0794", [:mix], [{:hackney, "~> 1.13", [hex: :hackney, optional: false]}, {:jason, "~> 1.0", [hex: :jason, optional: false]}]},
  "hackney": {:hex, :hackney, "1.14.3", "b5f6f5dcc4f1fba340762738759209e21914516df6be440d85772542d4a5e412", [:rebar3], [{:certifi, "2.4.2", [hex: :certifi, optional: false]}, {:idna, "6.0.0", [hex: :idna, optional: false]}, {:metrics, "1.0.1", [hex: :metrics, optional: false]}, {:mimerl, "1.0.2", [hex: :mimerl, optional: false]}, {:ssl_verify_fun, "1.1.4", [hex: :ssl_verify_fun, optional: false]}]},
  "idna": {:hex, :idna, "6.0.0", "689c46cbcdf3524c44d5f3dde8001f364cd7608a99556d8fbd8239a5798d4c10", [:rebar3], [{:unicode_util_compat, "0.4.1", [hex: :unicode_util_compat, optional: false]}]},
  "inch_ex": {:hex, :inch_ex, "1.0.1", "1f0af1a83cec8e56f6fc91738a09c838e858db3d78ef5f2ec040fe4d5a62dabf", [:mix], [{:poison, "~> 1.5 or ~> 2.0 or ~> 3.0", [hex: :poison, optional: false]}]},
  "jason": {:hex, :jason, "1.1.2", "b03dedea67a99223a2eaf9f1264ce37154564de899fd3d8b9a21b1a6fd64afe7", [:mix], [{:decimal, "~> 1.0", [hex: :decimal, optional: true]}]},
  "makeup": {:hex, :makeup, "0.5.5", "9e08dfc45280c5684d771ad58159f718a7b5788596099bdfb0284597d368a882", [:mix], [{:nimble_parsec, "~> 0.4", [hex: :nimble_parsec, optional: false]}]},
  "makeup_elixir": {:hex, :makeup_elixir, "0.10.0", "0f09c2ddf352887a956d84f8f7e702111122ca32fbbc84c2f0569b8b65cbf7fa", [:mix], [{:makeup, "~> 0.5.5", [hex: :makeup, optional: false]}]},
  "mariaex": {:hex, :mariaex, "0.9.0", "efae33e21f1aa08af64060e48179eaf781c3f62fa4f1e6efba8418ef22bad794", [:mix], [{:db_connection, "~> 2.0", [hex: :db_connection, optional: false]}, {:decimal, "~> 1.2", [hex: :decimal, optional: false]}, {:poison, ">= 0.0.0", [hex: :poison, optional: true]}]},
  "metrics": {:hex, :metrics, "1.0.1", "25f094dea2cda98213cecc3aeff09e940299d950904393b2a29d191c346a8486", [:rebar3], []},
  "mime": {:hex, :mime, "1.3.0", "5e8d45a39e95c650900d03f897fbf99ae04f60ab1daa4a34c7a20a5151b7a5fe", [:mix], []},
  "mimerl": {:hex, :mimerl, "1.0.2", "993f9b0e084083405ed8252b99460c4f0563e41729ab42d9074fd5e52439be88", [:rebar3], []},
  "nimble_parsec": {:hex, :nimble_parsec, "0.4.0", "ee261bb53214943679422be70f1658fff573c5d0b0a1ecd0f18738944f818efe", [:mix], []},
  "parse_trans": {:hex, :parse_trans, "3.3.0", "09765507a3c7590a784615cfd421d101aec25098d50b89d7aa1d66646bc571c1", [:rebar3], []},
  "plug": {:hex, :plug, "1.7.1", "8516d565fb84a6a8b2ca722e74e2cd25ca0fc9d64f364ec9dbec09d33eb78ccd", [:mix], [{:mime, "~> 1.0", [hex: :mime, optional: false]}, {:plug_crypto, "~> 1.0", [hex: :plug_crypto, optional: false]}]},
  "plug_crypto": {:hex, :plug_crypto, "1.0.0", "18e49317d3fa343f24620ed22795ec29d4a5e602d52d1513ccea0b07d8ea7d4d", [:mix], []},
  "poison": {:hex, :poison, "3.1.0", "d9eb636610e096f86f25d9a46f35a9facac35609a7591b3be3326e99a0484665", [:mix], []},
  "postgrex": {:hex, :postgrex, "0.14.0", "f3d6ffea1ca8a156e0633900a5338a3d17b00435227726baed8982718232b694", [:mix], [{:connection, "~> 1.0", [hex: :connection, optional: false]}, {:db_connection, "~> 2.0", [hex: :db_connection, optional: false]}, {:decimal, "~> 1.0", [hex: :decimal, optional: false]}, {:jason, "~> 1.0", [hex: :jason, optional: true]}]},
  "ssl_verify_fun": {:hex, :ssl_verify_fun, "1.1.4", "f0eafff810d2041e93f915ef59899c923f4568f4585904d010387ed74988e77b", [:make, :mix, :rebar3], []},
  "telemetry": {:hex, :telemetry, "0.2.0", "5b40caa3efe4deb30fb12d7cd8ed4f556f6d6bd15c374c2366772161311ce377", [:mix], []},
  "unicode_util_compat": {:hex, :unicode_util_compat, "0.4.1", "d869e4c68901dd9531385bb0c8c40444ebf624e60b6962d95952775cac5e90cd", [:rebar3], []},
}
